{
  "originHash" : "7473d9095b4c3ad0de40eeba88f9bfc21b4e84deeb84fab6f7b6e2712ad3d20c",
  "pins" : [
    {
      "identity" : "swift-docc-plugin",
      "kind" : "remoteSourceControl",
      "location" : "https://github.com/apple/swift-docc-plugin",
      "state" : {
        "revision" : "3e4f133a77e644a5812911a0513aeb7288b07d06",
        "version" : "1.4.5"
      }
    },
    {
      "identity" : "swift-docc-symbolkit",
      "kind" : "remoteSourceControl",
      "location" : "https://github.com/swiftlang/swift-docc-symbolkit",
      "state" : {
        "revision" : "b45d1f2ed151d057b54504d653e0da5552844e34",
        "version" : "1.0.0"
      }
    },
    {
      "identity" : "swift-log",
      "kind" : "remoteSourceControl",
      "location" : "https://github.com/apple/swift-log",
      "state" : {
        "revision" : "3d8596ed08bd13520157f0355e35caed215ffbfa",
        "version" : "1.6.3"
      }
    },
    {
      "identity" : "swift-log-testing",
      "kind" : "remoteSourceControl",
      "location" : "https://github.com/neallester/swift-log-testing",
      "state" : {
        "revision" : "8459cec10d45da4c566aaec9052fa4a1bef3b861",
        "version" : "0.0.1"
      }
    }
  ],
  "version" : 3
}
